{
  "object": {
    "pins": [
      {
        "package": "Alamofire",
        "repositoryURL": "https://github.com/Alamofire/Alamofire.git",
        "state": {
          "branch": null,
          "revision": "75bba56748359f297a83f620d45f72cf4ebee4e7",
          "version": "4.8.2"
        }
      },
      {
        "package": "Fluxus",
        "repositoryURL": "https://github.com/johnsusek/fluxus",
        "state": {
          "branch": "master",
          "revision": "5bfac999ca051c44acb2932ba72c9cc65785d6ee",
          "version": null
        }
      },
      {
        "package": "SWXMLHash",
        "repositoryURL": "https://github.com/drmohundro/SWXMLHash.git",
        "state": {
          "branch": null,
          "revision": "f43166a8e18fdd0857f29e303b1bb79a5428bca0",
          "version": "4.9.0"
        }
      }
    ]
  },
  "version": 1
}
